{
  "nodes": {
    "anemone": {
      "flake": false,
      "locked": {
        "lastModified": 1746062088,
        "narHash": "sha256-5wu2zwwGIl9u3PqUmoqVa7eZOC/5JwDZMr4zP/AzPqw=",
        "ref": "main",
        "rev": "5eda08e9d95a70654326e5b1fc109d00b43aa32d",
        "revCount": 75,
        "type": "git",
        "url": "ssh://public-github/avery592/anemone"
      },
      "original": {
        "ref": "main",
        "type": "git",
        "url": "ssh://public-github/avery592/anemone"
      }
    },
    "devshell": {
      "inputs": {
        "nixpkgs": [
          "nixpkgs"
        ]
      },
      "locked": {
        "lastModified": 1741473158,
        "narHash": "sha256-kWNaq6wQUbUMlPgw8Y+9/9wP0F8SHkjy24/mN3UAppg=",
        "owner": "numtide",
        "repo": "devshell",
        "rev": "7c9e793ebe66bcba8292989a68c0419b737a22a0",
        "type": "github"
      },
      "original": {
        "owner": "numtide",
        "repo": "devshell",
        "type": "github"
      }
    },
    "flake-utils": {
      "inputs": {
        "systems": "systems"
      },
      "locked": {
        "lastModified": 1731533236,
        "narHash": "sha256-l0KFg5HjrsfsO/JpG+r7fRrqm12kzFHyUHqHCVpMMbI=",
        "owner": "numtide",
        "repo": "flake-utils",
        "rev": "11707dc2f618dd54ca8739b309ec4fc024de578b",
        "type": "github"
      },
      "original": {
        "owner": "numtide",
        "repo": "flake-utils",
        "type": "github"
      }
    },
    "nixpkgs": {
      "locked": {
        "lastModified": 1745921652,
        "narHash": "sha256-hEAvEN+y/OQ7wA7+u3bFJwXSe8yoSf2QaOMH3hyTJTQ=",
        "owner": "nixos",
        "repo": "nixpkgs",
        "rev": "b000159bba69b0106a42f65e52dbf27f77aca9d3",
        "type": "github"
      },
      "original": {
        "owner": "nixos",
        "ref": "nixos-24.11",
        "repo": "nixpkgs",
        "type": "github"
      }
    },
    "root": {
      "inputs": {
        "anemone": "anemone",
        "devshell": "devshell",
        "flake-utils": "flake-utils",
        "nixpkgs": "nixpkgs"
      }
    },
    "systems": {
      "locked": {
        "lastModified": 1681028828,
        "narHash": "sha256-Vy1rq5AaRuLzOxct8nz4T6wlgyUR7zLU309k9mBC768=",
        "owner": "nix-systems",
        "repo": "default",
        "rev": "da67096a3b9bf56a91d16901293e51ba5b49a27e",
        "type": "github"
      },
      "original": {
        "owner": "nix-systems",
        "repo": "default",
        "type": "github"
      }
    }
  },
  "root": "root",
  "version": 7
}
